
Microsoft Visual Studio Solution File, Format Version 12.00
# Visual Studio 14
VisualStudioVersion = 14.0.25420.1
MinimumVisualStudioVersion = 10.0.40219.1
Project("{FAE04EC0-301F-11D3-BF4B-00C04F79EFBC}") = "WarningBanner", "WarningBanner\WarningBanner.csproj", "{90702FB3-6125-4BC3-8432-614BFBFE08F4}"
EndProject
Project("{FAE04EC0-301F-11D3-BF4B-00C04F79EFBC}") = "CommonAPI", "CommonAPI\CommonAPI.csproj", "{627D96DD-2B5C-4C67-A0EC-AA0DE7FC715A}"
EndProject
Project("{2150E333-8FDC-42A3-9474-1A3956D46DE8}") = "Solution Items", "Solution Items", "{C70DE135-4BFC-46AD-8C04-452914CBBB18}"
EndProject
Project("{FAE04EC0-301F-11D3-BF4B-00C04F79EFBC}") = "HelpTooltip", "HelpTooltip\HelpTooltip.csproj", "{D00BEAAE-209C-451A-82C0-D4A1FCBE8961}"
EndProject
Global
	GlobalSection(SolutionConfigurationPlatforms) = preSolution
		Debug|Any CPU = Debug|Any CPU
		Release|Any CPU = Release|Any CPU
	EndGlobalSection
	GlobalSection(ProjectConfigurationPlatforms) = postSolution
		{90702FB3-6125-4BC3-8432-614BFBFE08F4}.Debug|Any CPU.ActiveCfg = Debug|Any CPU
		{90702FB3-6125-4BC3-8432-614BFBFE08F4}.Debug|Any CPU.Build.0 = Debug|Any CPU
		{90702FB3-6125-4BC3-8432-614BFBFE08F4}.Release|Any CPU.ActiveCfg = Release|Any CPU
		{90702FB3-6125-4BC3-8432-614BFBFE08F4}.Release|Any CPU.Build.0 = Release|Any CPU
		{627D96DD-2B5C-4C67-A0EC-AA0DE7FC715A}.Debug|Any CPU.ActiveCfg = Debug|Any CPU
		{627D96DD-2B5C-4C67-A0EC-AA0DE7FC715A}.Debug|Any CPU.Build.0 = Debug|Any CPU
		{627D96DD-2B5C-4C67-A0EC-AA0DE7FC715A}.Release|Any CPU.ActiveCfg = Release|Any CPU
		{627D96DD-2B5C-4C67-A0EC-AA0DE7FC715A}.Release|Any CPU.Build.0 = Release|Any CPU
		{D00BEAAE-209C-451A-82C0-D4A1FCBE8961}.Debug|Any CPU.ActiveCfg = Debug|Any CPU
		{D00BEAAE-209C-451A-82C0-D4A1FCBE8961}.Debug|Any CPU.Build.0 = Debug|Any CPU
		{D00BEAAE-209C-451A-82C0-D4A1FCBE8961}.Release|Any CPU.ActiveCfg = Release|Any CPU
		{D00BEAAE-209C-451A-82C0-D4A1FCBE8961}.Release|Any CPU.Build.0 = Release|Any CPU
	EndGlobalSection
	GlobalSection(SolutionProperties) = preSolution
		HideSolutionNode = FALSE
	EndGlobalSection
EndGlobal
